
Microsoft Visual Studio Solution File, Format Version 12.00
# Visual Studio Version 17
VisualStudioVersion = 17.10.35013.160
MinimumVisualStudioVersion = 10.0.40219.1
Project("{FAE04EC0-301F-11D3-BF4B-00C04F79EFBC}") = "Quiz_mkd", "Quiz_mkd\Quiz_mkd.csproj", "{67C79524-5D2E-4F68-9FAF-97EFD17E33EB}"
EndProject
Project("{2150E333-8FDC-42A3-9474-1A3956D46DE8}") = "Quiz", "Quiz", "{D7C9C1FD-2466-4E2C-BD9D-C86CB3DAAA63}"
EndProject
Global
	GlobalSection(SolutionConfigurationPlatforms) = preSolution
		Debug|Any CPU = Debug|Any CPU
		Release|Any CPU = Release|Any CPU
	EndGlobalSection
	GlobalSection(ProjectConfigurationPlatforms) = postSolution
		{67C79524-5D2E-4F68-9FAF-97EFD17E33EB}.Debug|Any CPU.ActiveCfg = Debug|Any CPU
		{67C79524-5D2E-4F68-9FAF-97EFD17E33EB}.Debug|Any CPU.Build.0 = Debug|Any CPU
		{67C79524-5D2E-4F68-9FAF-97EFD17E33EB}.Release|Any CPU.ActiveCfg = Release|Any CPU
		{67C79524-5D2E-4F68-9FAF-97EFD17E33EB}.Release|Any CPU.Build.0 = Release|Any CPU
	EndGlobalSection
	GlobalSection(SolutionProperties) = preSolution
		HideSolutionNode = FALSE
	EndGlobalSection
	GlobalSection(NestedProjects) = preSolution
		{67C79524-5D2E-4F68-9FAF-97EFD17E33EB} = {D7C9C1FD-2466-4E2C-BD9D-C86CB3DAAA63}
	EndGlobalSection
	GlobalSection(ExtensibilityGlobals) = postSolution
		SolutionGuid = {124DB404-445F-4C3A-8555-B13F758BE678}
	EndGlobalSection
EndGlobal
